// !$*UTF8*$!
{
	archiveVersion = 1;
	classes = {
	};
	objectVersion = 46;
	objects = {

/* Begin PBXBuildFile section */
		042A005518E11117005E36EA /* Foundation.framework in Frameworks */ = {isa = PBXBuildFile; fileRef = 042A005418E11117005E36EA /* Foundation.framework */; };
		042A005718E11117005E36EA /* CoreGraphics.framework in Frameworks */ = {isa = PBXBuildFile; fileRef = 042A005618E11117005E36EA /* CoreGraphics.framework */; };
		042A005918E11117005E36EA /* UIKit.framework in Frameworks */ = {isa = PBXBuildFile; fileRef = 042A005818E11117005E36EA /* UIKit.framework */; };
		042A005F18E11117005E36EA /* InfoPlist.strings in Resources */ = {isa = PBXBuildFile; fileRef = 042A005D18E11117005E36EA /* InfoPlist.strings */; };
		042A006118E11117005E36EA /* main.m in Sources */ = {isa = PBXBuildFile; fileRef = 042A006018E11117005E36EA /* main.m */; };
		042A006518E11117005E36EA /* AppDelegate.m in Sources */ = {isa = PBXBuildFile; fileRef = 042A006418E11117005E36EA /* AppDelegate.m */; };
		042A006818E11117005E36EA /* Main.storyboard in Resources */ = {isa = PBXBuildFile; fileRef = 042A006618E11117005E36EA /* Main.storyboard */; };
		042A006B18E11117005E36EA /* ViewController.m in Sources */ = {isa = PBXBuildFile; fileRef = 042A006A18E11117005E36EA /* ViewController.m */; };
		042A006D18E11117005E36EA /* Images.xcassets in Resources */ = {isa = PBXBuildFile; fileRef = 042A006C18E11117005E36EA /* Images.xcassets */; };
		042A007418E11117005E36EA /* XCTest.framework in Frameworks */ = {isa = PBXBuildFile; fileRef = 042A007318E11117005E36EA /* XCTest.framework */; };
		042A007518E11117005E36EA /* Foundation.framework in Frameworks */ = {isa = PBXBuildFile; fileRef = 042A005418E11117005E36EA /* Foundation.framework */; };
		042A007618E11117005E36EA /* UIKit.framework in Frameworks */ = {isa = PBXBuildFile; fileRef = 042A005818E11117005E36EA /* UIKit.framework */; };
		042A007E18E11117005E36EA /* InfoPlist.strings in Resources */ = {isa = PBXBuildFile; fileRef = 042A007C18E11117005E36EA /* InfoPlist.strings */; };
		042A008018E11117005E36EA /* keyboardTests.m in Sources */ = {isa = PBXBuildFile; fileRef = 042A007F18E11117005E36EA /* keyboardTests.m */; };
		042A008D18E15DFB005E36EA /* AFFNumericKeyboard.m in Sources */ = {isa = PBXBuildFile; fileRef = 042A008C18E15DFB005E36EA /* AFFNumericKeyboard.m */; };
		04FE2D9618E275180021905A /* arrowInKeyboard.png in Resources */ = {isa = PBXBuildFile; fileRef = 04FE2D9518E275180021905A /* arrowInKeyboard.png */; };
/* End PBXBuildFile section */

/* Begin PBXContainerItemProxy section */
		042A007718E11117005E36EA /* PBXContainerItemProxy */ = {
			isa = PBXContainerItemProxy;
			containerPortal = 042A004918E11117005E36EA /* Project object */;
			proxyType = 1;
			remoteGlobalIDString = 042A005018E11117005E36EA;
			remoteInfo = keyboard;
		};
/* End PBXContainerItemProxy section */

/* Begin PBXFileReference section */
		042A005118E11117005E36EA /* keyboard.app */ = {isa = PBXFileReference; explicitFileType = wrapper.application; includeInIndex = 0; path = keyboard.app; sourceTree = BUILT_PRODUCTS_DIR; };
		042A005418E11117005E36EA /* Foundation.framework */ = {isa = PBXFileReference; lastKnownFileType = wrapper.framework; name = Foundation.framework; path = System/Library/Frameworks/Foundation.framework; sourceTree = SDKROOT; };
		042A005618E11117005E36EA /* CoreGraphics.framework */ = {isa = PBXFileReference; lastKnownFileType = wrapper.framework; name = CoreGraphics.framework; path = System/Library/Frameworks/CoreGraphics.framework; sourceTree = SDKROOT; };
		042A005818E11117005E36EA /* UIKit.framework */ = {isa = PBXFileReference; lastKnownFileType = wrapper.framework; name = UIKit.framework; path = System/Library/Frameworks/UIKit.framework; sourceTree = SDKROOT; };
		042A005C18E11117005E36EA /* keyboard-Info.plist */ = {isa = PBXFileReference; lastKnownFileType = text.plist.xml; path = "keyboard-Info.plist"; sourceTree = "<group>"; };
		042A005E18E11117005E36EA /* en */ = {isa = PBXFileReference; lastKnownFileType = text.plist.strings; name = en; path = en.lproj/InfoPlist.strings; sourceTree = "<group>"; };
		042A006018E11117005E36EA /* main.m */ = {isa = PBXFileReference; lastKnownFileType = sourcecode.c.objc; path = main.m; sourceTree = "<group>"; };
		042A006218E11117005E36EA /* keyboard-Prefix.pch */ = {isa = PBXFileReference; lastKnownFileType = sourcecode.c.h; path = "keyboard-Prefix.pch"; sourceTree = "<group>"; };
		042A006318E11117005E36EA /* AppDelegate.h */ = {isa = PBXFileReference; lastKnownFileType = sourcecode.c.h; path = AppDelegate.h; sourceTree = "<group>"; };
		042A006418E11117005E36EA /* AppDelegate.m */ = {isa = PBXFileReference; lastKnownFileType = sourcecode.c.objc; path = AppDelegate.m; sourceTree = "<group>"; };
		042A006718E11117005E36EA /* Base */ = {isa = PBXFileReference; lastKnownFileType = file.storyboard; name = Base; path = Base.lproj/Main.storyboard; sourceTree = "<group>"; };
		042A006918E11117005E36EA /* ViewController.h */ = {isa = PBXFileReference; lastKnownFileType = sourcecode.c.h; path = ViewController.h; sourceTree = "<group>"; };
		042A006A18E11117005E36EA /* ViewController.m */ = {isa = PBXFileReference; lastKnownFileType = sourcecode.c.objc; path = ViewController.m; sourceTree = "<group>"; };
		042A006C18E11117005E36EA /* Images.xcassets */ = {isa = PBXFileReference; lastKnownFileType = folder.assetcatalog; path = Images.xcassets; sourceTree = "<group>"; };
		042A007218E11117005E36EA /* keyboardTests.xctest */ = {isa = PBXFileReference; explicitFileType = wrapper.cfbundle; includeInIndex = 0; path = keyboardTests.xctest; sourceTree = BUILT_PRODUCTS_DIR; };
		042A007318E11117005E36EA /* XCTest.framework */ = {isa = PBXFileReference; lastKnownFileType = wrapper.framework; name = XCTest.framework; path = Library/Frameworks/XCTest.framework; sourceTree = DEVELOPER_DIR; };
		042A007B18E11117005E36EA /* keyboardTests-Info.plist */ = {isa = PBXFileReference; lastKnownFileType = text.plist.xml; path = "keyboardTests-Info.plist"; sourceTree = "<group>"; };
		042A007D18E11117005E36EA /* en */ = {isa = PBXFileReference; lastKnownFileType = text.plist.strings; name = en; path = en.lproj/InfoPlist.strings; sourceTree = "<group>"; };
		042A007F18E11117005E36EA /* keyboardTests.m */ = {isa = PBXFileReference; lastKnownFileType = sourcecode.c.objc; path = keyboardTests.m; sourceTree = "<group>"; };
		042A008B18E15DFB005E36EA /* AFFNumericKeyboard.h */ = {isa = PBXFileReference; fileEncoding = 4; lastKnownFileType = sourcecode.c.h; path = AFFNumericKeyboard.h; sourceTree = "<group>"; };
		042A008C18E15DFB005E36EA /* AFFNumericKeyboard.m */ = {isa = PBXFileReference; fileEncoding = 4; lastKnownFileType = sourcecode.c.objc; path = AFFNumericKeyboard.m; sourceTree = "<group>"; };
		04FE2D9518E275180021905A /* arrowInKeyboard.png */ = {isa = PBXFileReference; lastKnownFileType = image.png; path = arrowInKeyboard.png; sourceTree = "<group>"; };
/* End PBXFileReference section */

/* Begin PBXFrameworksBuildPhase section */
		042A004E18E11117005E36EA /* Frameworks */ = {
			isa = PBXFrameworksBuildPhase;
			buildActionMask = 2147483647;
			files = (
				042A005718E11117005E36EA /* CoreGraphics.framework in Frameworks */,
				042A005918E11117005E36EA /* UIKit.framework in Frameworks */,
				042A005518E11117005E36EA /* Foundation.framework in Frameworks */,
			);
			runOnlyForDeploymentPostprocessing = 0;
		};
		042A006F18E11117005E36EA /* Frameworks */ = {
			isa = PBXFrameworksBuildPhase;
			buildActionMask = 2147483647;
			files = (
				042A007418E11117005E36EA /* XCTest.framework in Frameworks */,
				042A007618E11117005E36EA /* UIKit.framework in Frameworks */,
				042A007518E11117005E36EA /* Foundation.framework in Frameworks */,
			);
			runOnlyForDeploymentPostprocessing = 0;
		};
/* End PBXFrameworksBuildPhase section */

/* Begin PBXGroup section */
		042A004818E11117005E36EA = {
			isa = PBXGroup;
			children = (
				042A005A18E11117005E36EA /* keyboard */,
				042A007918E11117005E36EA /* keyboardTests */,
				042A005318E11117005E36EA /* Frameworks */,
				042A005218E11117005E36EA /* Products */,
			);
			sourceTree = "<group>";
		};
		042A005218E11117005E36EA /* Products */ = {
			isa = PBXGroup;
			children = (
				042A005118E11117005E36EA /* keyboard.app */,
				042A007218E11117005E36EA /* keyboardTests.xctest */,
			);
			name = Products;
			sourceTree = "<group>";
		};
		042A005318E11117005E36EA /* Frameworks */ = {
			isa = PBXGroup;
			children = (
				042A005418E11117005E36EA /* Foundation.framework */,
				042A005618E11117005E36EA /* CoreGraphics.framework */,
				042A005818E11117005E36EA /* UIKit.framework */,
				042A007318E11117005E36EA /* XCTest.framework */,
			);
			name = Frameworks;
			sourceTree = "<group>";
		};
		042A005A18E11117005E36EA /* keyboard */ = {
			isa = PBXGroup;
			children = (
				042A006318E11117005E36EA /* AppDelegate.h */,
				042A006418E11117005E36EA /* AppDelegate.m */,
				042A006618E11117005E36EA /* Main.storyboard */,
				042A006918E11117005E36EA /* ViewController.h */,
				042A006A18E11117005E36EA /* ViewController.m */,
				042A008B18E15DFB005E36EA /* AFFNumericKeyboard.h */,
				042A008C18E15DFB005E36EA /* AFFNumericKeyboard.m */,
				042A006C18E11117005E36EA /* Images.xcassets */,
				04FE2D9518E275180021905A /* arrowInKeyboard.png */,
				042A005B18E11117005E36EA /* Supporting Files */,
			);
			path = keyboard;
			sourceTree = "<group>";
		};
		042A005B18E11117005E36EA /* Supporting Files */ = {
			isa = PBXGroup;
			children = (
				042A005C18E11117005E36EA /* keyboard-Info.plist */,
				042A005D18E11117005E36EA /* InfoPlist.strings */,
				042A006018E11117005E36EA /* main.m */,
				042A006218E11117005E36EA /* keyboard-Prefix.pch */,
			);
			name = "Supporting Files";
			sourceTree = "<group>";
		};
		042A007918E11117005E36EA /* keyboardTests */ = {
			isa = PBXGroup;
			children = (
				042A007F18E11117005E36EA /* keyboardTests.m */,
				042A007A18E11117005E36EA /* Supporting Files */,
			);
			path = keyboardTests;
			sourceTree = "<group>";
		};
		042A007A18E11117005E36EA /* Supporting Files */ = {
			isa = PBXGroup;
			children = (
				042A007B18E11117005E36EA /* keyboardTests-Info.plist */,
				042A007C18E11117005E36EA /* InfoPlist.strings */,
			);
			name = "Supporting Files";
			sourceTree = "<group>";
		};
/* End PBXGroup section */

/* Begin PBXNativeTarget section */
		042A005018E11117005E36EA /* keyboard */ = {
			isa = PBXNativeTarget;
			buildConfigurationList = 042A008318E11117005E36EA /* Build configuration list for PBXNativeTarget "keyboard" */;
			buildPhases = (
				042A004D18E11117005E36EA /* Sources */,
				042A004E18E11117005E36EA /* Frameworks */,
				042A004F18E11117005E36EA /* Resources */,
			);
			buildRules = (
			);
			dependencies = (
			);
			name = keyboard;
			productName = keyboard;
			productReference = 042A005118E11117005E36EA /* keyboard.app */;
			productType = "com.apple.product-type.application";
		};
		042A007118E11117005E36EA /* keyboardTests */ = {
			isa = PBXNativeTarget;
			buildConfigurationList = 042A008618E11117005E36EA /* Build configuration list for PBXNativeTarget "keyboardTests" */;
			buildPhases = (
				042A006E18E11117005E36EA /* Sources */,
				042A006F18E11117005E36EA /* Frameworks */,
				042A007018E11117005E36EA /* Resources */,
			);
			buildRules = (
			);
			dependencies = (
				042A007818E11117005E36EA /* PBXTargetDependency */,
			);
			name = keyboardTests;
			productName = keyboardTests;
			productReference = 042A007218E11117005E36EA /* keyboardTests.xctest */;
			productType = "com.apple.product-type.bundle.unit-test";
		};
/* End PBXNativeTarget section */

/* Begin PBXProject section */
		042A004918E11117005E36EA /* Project object */ = {
			isa = PBXProject;
			attributes = {
				LastUpgradeCheck = 0510;
				ORGANIZATIONNAME = anyfish;
				TargetAttributes = {
					042A007118E11117005E36EA = {
						TestTargetID = 042A005018E11117005E36EA;
					};
				};
			};
			buildConfigurationList = 042A004C18E11117005E36EA /* Build configuration list for PBXProject "keyboard" */;
			compatibilityVersion = "Xcode 3.2";
			developmentRegion = English;
			hasScannedForEncodings = 0;
			knownRegions = (
				en,
				Base,
			);
			mainGroup = 042A004818E11117005E36EA;
			productRefGroup = 042A005218E11117005E36EA /* Products */;
			projectDirPath = "";
			projectRoot = "";
			targets = (
				042A005018E11117005E36EA /* keyboard */,
				042A007118E11117005E36EA /* keyboardTests */,
			);
		};
/* End PBXProject section */

/* Begin PBXResourcesBuildPhase section */
		042A004F18E11117005E36EA /* Resources */ = {
			isa = PBXResourcesBuildPhase;
			buildActionMask = 2147483647;
			files = (
				042A006D18E11117005E36EA /* Images.xcassets in Resources */,
				04FE2D9618E275180021905A /* arrowInKeyboard.png in Resources */,
				042A005F18E11117005E36EA /* InfoPlist.strings in Resources */,
				042A006818E11117005E36EA /* Main.storyboard in Resources */,
			);
			runOnlyForDeploymentPostprocessing = 0;
		};
		042A007018E11117005E36EA /* Resources */ = {
			isa = PBXResourcesBuildPhase;
			buildActionMask = 2147483647;
			files = (
				042A007E18E11117005E36EA /* InfoPlist.strings in Resources */,
			);
			runOnlyForDeploymentPostprocessing = 0;
		};
/* End PBXResourcesBuildPhase section */

/* Begin PBXSourcesBuildPhase section */
		042A004D18E11117005E36EA /* Sources */ = {
			isa = PBXSourcesBuildPhase;
			buildActionMask = 2147483647;
			files = (
				042A006B18E11117005E36EA /* ViewController.m in Sources */,
				042A006518E11117005E36EA /* AppDelegate.m in Sources */,
				042A006118E11117005E36EA /* main.m in Sources */,
				042A008D18E15DFB005E36EA /* AFFNumericKeyboard.m in Sources */,
			);
			runOnlyForDeploymentPostprocessing = 0;
		};
		042A006E18E11117005E36EA /* Sources */ = {
			isa = PBXSourcesBuildPhase;
			buildActionMask = 2147483647;
			files = (
				042A008018E11117005E36EA /* keyboardTests.m in Sources */,
			);
			runOnlyForDeploymentPostprocessing = 0;
		};
/* End PBXSourcesBuildPhase section */

/* Begin PBXTargetDependency section */
		042A007818E11117005E36EA /* PBXTargetDependency */ = {
			isa = PBXTargetDependency;
			target = 042A005018E11117005E36EA /* keyboard */;
			targetProxy = 042A007718E11117005E36EA /* PBXContainerItemProxy */;
		};
/* End PBXTargetDependency section */

/* Begin PBXVariantGroup section */
		042A005D18E11117005E36EA /* InfoPlist.strings */ = {
			isa = PBXVariantGroup;
			children = (
				042A005E18E11117005E36EA /* en */,
			);
			name = InfoPlist.strings;
			sourceTree = "<group>";
		};
		042A006618E11117005E36EA /* Main.storyboard */ = {
			isa = PBXVariantGroup;
			children = (
				042A006718E11117005E36EA /* Base */,
			);
			name = Main.storyboard;
			sourceTree = "<group>";
		};
		042A007C18E11117005E36EA /* InfoPlist.strings */ = {
			isa = PBXVariantGroup;
			children = (
				042A007D18E11117005E36EA /* en */,
			);
			name = InfoPlist.strings;
			sourceTree = "<group>";
		};
/* End PBXVariantGroup section */

/* Begin XCBuildConfiguration section */
		042A008118E11117005E36EA /* Debug */ = {
			isa = XCBuildConfiguration;
			buildSettings = {
				ALWAYS_SEARCH_USER_PATHS = NO;
				CLANG_CXX_LANGUAGE_STANDARD = "gnu++0x";
				CLANG_CXX_LIBRARY = "libc++";
				CLANG_ENABLE_MODULES = YES;
				CLANG_ENABLE_OBJC_ARC = YES;
				CLANG_WARN_BOOL_CONVERSION = YES;
				CLANG_WARN_CONSTANT_CONVERSION = YES;
				CLANG_WARN_DIRECT_OBJC_ISA_USAGE = YES_ERROR;
				CLANG_WARN_EMPTY_BODY = YES;
				CLANG_WARN_ENUM_CONVERSION = YES;
				CLANG_WARN_INT_CONVERSION = YES;
				CLANG_WARN_OBJC_ROOT_CLASS = YES_ERROR;
				CLANG_WARN__DUPLICATE_METHOD_MATCH = YES;
				"CODE_SIGN_IDENTITY[sdk=iphoneos*]" = "iPhone Developer";
				COPY_PHASE_STRIP = NO;
				GCC_C_LANGUAGE_STANDARD = gnu99;
				GCC_DYNAMIC_NO_PIC = NO;
				GCC_OPTIMIZATION_LEVEL = 0;
				GCC_PREPROCESSOR_DEFINITIONS = (
					"DEBUG=1",
					"$(inherited)",
				);
				GCC_SYMBOLS_PRIVATE_EXTERN = NO;
				GCC_WARN_64_TO_32_BIT_CONVERSION = YES;
				GCC_WARN_ABOUT_RETURN_TYPE = YES_ERROR;
				GCC_WARN_UNDECLARED_SELECTOR = YES;
				GCC_WARN_UNINITIALIZED_AUTOS = YES_AGGRESSIVE;
				GCC_WARN_UNUSED_FUNCTION = YES;
				GCC_WARN_UNUSED_VARIABLE = YES;
				IPHONEOS_DEPLOYMENT_TARGET = 7.1;
				ONLY_ACTIVE_ARCH = YES;
				SDKROOT = iphoneos;
			};
			name = Debug;
		};
		042A008218E11117005E36EA /* Release */ = {
			isa = XCBuildConfiguration;
			buildSettings = {
				ALWAYS_SEARCH_USER_PATHS = NO;
				CLANG_CXX_LANGUAGE_STANDARD = "gnu++0x";
				CLANG_CXX_LIBRARY = "libc++";
				CLANG_ENABLE_MODULES = YES;
				CLANG_ENABLE_OBJC_ARC = YES;
				CLANG_WARN_BOOL_CONVERSION = YES;
				CLANG_WARN_CONSTANT_CONVERSION = YES;
				CLANG_WARN_DIRECT_OBJC_ISA_USAGE = YES_ERROR;
				CLANG_WARN_EMPTY_BODY = YES;
				CLANG_WARN_ENUM_CONVERSION = YES;
				CLANG_WARN_INT_CONVERSION = YES;
				CLANG_WARN_OBJC_ROOT_CLASS = YES_ERROR;
				CLANG_WARN__DUPLICATE_METHOD_MATCH = YES;
				"CODE_SIGN_IDENTITY[sdk=iphoneos*]" = "iPhone Developer";
				COPY_PHASE_STRIP = YES;
				ENABLE_NS_ASSERTIONS = NO;
				GCC_C_LANGUAGE_STANDARD = gnu99;
				GCC_WARN_64_TO_32_BIT_CONVERSION = YES;
				GCC_WARN_ABOUT_RETURN_TYPE = YES_ERROR;
				GCC_WARN_UNDECLARED_SELECTOR = YES;
				GCC_WARN_UNINITIALIZED_AUTOS = YES_AGGRESSIVE;
				GCC_WARN_UNUSED_FUNCTION = YES;
				GCC_WARN_UNUSED_VARIABLE = YES;
				IPHONEOS_DEPLOYMENT_TARGET = 7.1;
				SDKROOT = iphoneos;
				VALIDATE_PRODUCT = YES;
			};
			name = Release;
		};
		042A008418E11117005E36EA /* Debug */ = {
			isa = XCBuildConfiguration;
			buildSettings = {
				ASSETCATALOG_COMPILER_APPICON_NAME = AppIcon;
				ASSETCATALOG_COMPILER_LAUNCHIMAGE_NAME = LaunchImage;
				GCC_PRECOMPILE_PREFIX_HEADER = YES;
				GCC_PREFIX_HEADER = "keyboard/keyboard-Prefix.pch";
				INFOPLIST_FILE = "keyboard/keyboard-Info.plist";
				IPHONEOS_DEPLOYMENT_TARGET = 6.0;
				PRODUCT_NAME = "$(TARGET_NAME)";
				WRAPPER_EXTENSION = app;
			};
			name = Debug;
		};
		042A008518E11117005E36EA /* Release */ = {
			isa = XCBuildConfiguration;
			buildSettings = {
				ASSETCATALOG_COMPILER_APPICON_NAME = AppIcon;
				ASSETCATALOG_COMPILER_LAUNCHIMAGE_NAME = LaunchImage;
				GCC_PRECOMPILE_PREFIX_HEADER = YES;
				GCC_PREFIX_HEADER = "keyboard/keyboard-Prefix.pch";
				INFOPLIST_FILE = "keyboard/keyboard-Info.plist";
				IPHONEOS_DEPLOYMENT_TARGET = 6.0;
				PRODUCT_NAME = "$(TARGET_NAME)";
				WRAPPER_EXTENSION = app;
			};
			name = Release;
		};
		042A008718E11117005E36EA /* Debug */ = {
			isa = XCBuildConfiguration;
			buildSettings = {
				BUNDLE_LOADER = "$(BUILT_PRODUCTS_DIR)/keyboard.app/keyboard";
				FRAMEWORK_SEARCH_PATHS = (
					"$(SDKROOT)/Developer/Library/Frameworks",
					"$(inherited)",
					"$(DEVELOPER_FRAMEWORKS_DIR)",
				);
				GCC_PRECOMPILE_PREFIX_HEADER = YES;
				GCC_PREFIX_HEADER = "keyboard/keyboard-Prefix.pch";
				GCC_PREPROCESSOR_DEFINITIONS = (
					"DEBUG=1",
					"$(inherited)",
				);
				INFOPLIST_FILE = "keyboardTests/keyboardTests-Info.plist";
				PRODUCT_NAME = "$(TARGET_NAME)";
				TEST_HOST = "$(BUNDLE_LOADER)";
				WRAPPER_EXTENSION = xctest;
			};
			name = Debug;
		};
		042A008818E11117005E36EA /* Release */ = {
			isa = XCBuildConfiguration;
			buildSettings = {
				BUNDLE_LOADER = "$(BUILT_PRODUCTS_DIR)/keyboard.app/keyboard";
				FRAMEWORK_SEARCH_PATHS = (
					"$(SDKROOT)/Developer/Library/Frameworks",
					"$(inherited)",
					"$(DEVELOPER_FRAMEWORKS_DIR)",
				);
				GCC_PRECOMPILE_PREFIX_HEADER = YES;
				GCC_PREFIX_HEADER = "keyboard/keyboard-Prefix.pch";
				INFOPLIST_FILE = "keyboardTests/keyboardTests-Info.plist";
				PRODUCT_NAME = "$(TARGET_NAME)";
				TEST_HOST = "$(BUNDLE_LOADER)";
				WRAPPER_EXTENSION = xctest;
			};
			name = Release;
		};
/* End XCBuildConfiguration section */

/* Begin XCConfigurationList section */
		042A004C18E11117005E36EA /* Build configuration list for PBXProject "keyboard" */ = {
			isa = XCConfigurationList;
			buildConfigurations = (
				042A008118E11117005E36EA /* Debug */,
				042A008218E11117005E36EA /* Release */,
			);
			defaultConfigurationIsVisible = 0;
			defaultConfigurationName = Release;
		};
		042A008318E11117005E36EA /* Build configuration list for PBXNativeTarget "keyboard" */ = {
			isa = XCConfigurationList;
			buildConfigurations = (
				042A008418E11117005E36EA /* Debug */,
				042A008518E11117005E36EA /* Release */,
			);
			defaultConfigurationIsVisible = 0;
			defaultConfigurationName = Release;
		};
		042A008618E11117005E36EA /* Build configuration list for PBXNativeTarget "keyboardTests" */ = {
			isa = XCConfigurationList;
			buildConfigurations = (
				042A008718E11117005E36EA /* Debug */,
				042A008818E11117005E36EA /* Release */,
			);
			defaultConfigurationIsVisible = 0;
			defaultConfigurationName = Release;
		};
/* End XCConfigurationList section */
	};
	rootObject = 042A004918E11117005E36EA /* Project object */;
}
