<?xml version="1.0" encoding="UTF-8"?>
<Scheme
   LastUpgradeVersion = "0510"
   version = "1.3">
   <BuildAction
      parallelizeBuildables = "YES"
      buildImplicitDependencies = "YES">
      <BuildActionEntries>
         <BuildActionEntry
            buildForTesting = "YES"
            buildForRunning = "YES"
            buildForProfiling = "YES"
            buildForArchiving = "YES"
            buildForAnalyzing = "YES">
            <BuildableReference
               BuildableIdentifier = "primary"
               BlueprintIdentifier = "7BC18A521AB94C28008BA16D"
               BuildableName = "&#x81ea;&#x52a8;&#x5e03;&#x5c40;&#x4e4b;&#x7ea6;&#x675f;_2.app"
               BlueprintName = "&#x81ea;&#x52a8;&#x5e03;&#x5c40;&#x4e4b;&#x7ea6;&#x675f;_2"
               ReferencedContainer = "container:&#x81ea;&#x52a8;&#x5e03;&#x5c40;&#x4e4b;&#x7ea6;&#x675f;_2.xcodeproj">
            </BuildableReference>
         </BuildActionEntry>
      </BuildActionEntries>
   </BuildAction>
   <TestAction
      selectedDebuggerIdentifier = "Xcode.DebuggerFoundation.Debugger.LLDB"
      selectedLauncherIdentifier = "Xcode.DebuggerFoundation.Launcher.LLDB"
      shouldUseLaunchSchemeArgsEnv = "YES"
      buildConfiguration = "Debug">
      <Testables>
         <TestableReference
            skipped = "NO">
            <BuildableReference
               BuildableIdentifier = "primary"
               BlueprintIdentifier = "7BC18A731AB94C29008BA16D"
               BuildableName = "&#x81ea;&#x52a8;&#x5e03;&#x5c40;&#x4e4b;&#x7ea6;&#x675f;_2Tests.xctest"
               BlueprintName = "&#x81ea;&#x52a8;&#x5e03;&#x5c40;&#x4e4b;&#x7ea6;&#x675f;_2Tests"
               ReferencedContainer = "container:&#x81ea;&#x52a8;&#x5e03;&#x5c40;&#x4e4b;&#x7ea6;&#x675f;_2.xcodeproj">
            </BuildableReference>
         </TestableReference>
      </Testables>
      <MacroExpansion>
         <BuildableReference
            BuildableIdentifier = "primary"
            BlueprintIdentifier = "7BC18A521AB94C28008BA16D"
            BuildableName = "&#x81ea;&#x52a8;&#x5e03;&#x5c40;&#x4e4b;&#x7ea6;&#x675f;_2.app"
            BlueprintName = "&#x81ea;&#x52a8;&#x5e03;&#x5c40;&#x4e4b;&#x7ea6;&#x675f;_2"
            ReferencedContainer = "container:&#x81ea;&#x52a8;&#x5e03;&#x5c40;&#x4e4b;&#x7ea6;&#x675f;_2.xcodeproj">
         </BuildableReference>
      </MacroExpansion>
   </TestAction>
   <LaunchAction
      selectedDebuggerIdentifier = "Xcode.DebuggerFoundation.Debugger.LLDB"
      selectedLauncherIdentifier = "Xcode.DebuggerFoundation.Launcher.LLDB"
      launchStyle = "0"
      useCustomWorkingDirectory = "NO"
      buildConfiguration = "Debug"
      ignoresPersistentStateOnLaunch = "NO"
      debugDocumentVersioning = "YES"
      allowLocationSimulation = "YES">
      <BuildableProductRunnable>
         <BuildableReference
            BuildableIdentifier = "primary"
            BlueprintIdentifier = "7BC18A521AB94C28008BA16D"
            BuildableName = "&#x81ea;&#x52a8;&#x5e03;&#x5c40;&#x4e4b;&#x7ea6;&#x675f;_2.app"
            BlueprintName = "&#x81ea;&#x52a8;&#x5e03;&#x5c40;&#x4e4b;&#x7ea6;&#x675f;_2"
            ReferencedContainer = "container:&#x81ea;&#x52a8;&#x5e03;&#x5c40;&#x4e4b;&#x7ea6;&#x675f;_2.xcodeproj">
         </BuildableReference>
      </BuildableProductRunnable>
      <AdditionalOptions>
      </AdditionalOptions>
   </LaunchAction>
   <ProfileAction
      shouldUseLaunchSchemeArgsEnv = "YES"
      savedToolIdentifier = ""
      useCustomWorkingDirectory = "NO"
      buildConfiguration = "Release"
      debugDocumentVersioning = "YES">
      <BuildableProductRunnable>
         <BuildableReference
            BuildableIdentifier = "primary"
            BlueprintIdentifier = "7BC18A521AB94C28008BA16D"
            BuildableName = "&#x81ea;&#x52a8;&#x5e03;&#x5c40;&#x4e4b;&#x7ea6;&#x675f;_2.app"
            BlueprintName = "&#x81ea;&#x52a8;&#x5e03;&#x5c40;&#x4e4b;&#x7ea6;&#x675f;_2"
            ReferencedContainer = "container:&#x81ea;&#x52a8;&#x5e03;&#x5c40;&#x4e4b;&#x7ea6;&#x675f;_2.xcodeproj">
         </BuildableReference>
      </BuildableProductRunnable>
   </ProfileAction>
   <AnalyzeAction
      buildConfiguration = "Debug">
   </AnalyzeAction>
   <ArchiveAction
      buildConfiguration = "Release"
      revealArchiveInOrganizer = "YES">
   </ArchiveAction>
</Scheme>
